
Microsoft Visual Studio Solution File, Format Version 12.00
# Visual Studio 15
VisualStudioVersion = 15.0.28307.271
MinimumVisualStudioVersion = 10.0.40219.1
Project("{FAE04EC0-301F-11D3-BF4B-00C04F79EFBC}") = "GravitonClient", "GravitonClient.csproj", "{0B18D35F-1228-45ED-AEF1-00761CA6FA08}"
EndProject
Global
	GlobalSection(SolutionConfigurationPlatforms) = preSolution
		Debug|Any CPU = Debug|Any CPU
		Release|Any CPU = Release|Any CPU
	EndGlobalSection
	GlobalSection(ProjectConfigurationPlatforms) = postSolution
		{0B18D35F-1228-45ED-AEF1-00761CA6FA08}.Debug|Any CPU.ActiveCfg = Debug|Any CPU
		{0B18D35F-1228-45ED-AEF1-00761CA6FA08}.Debug|Any CPU.Build.0 = Debug|Any CPU
		{0B18D35F-1228-45ED-AEF1-00761CA6FA08}.Release|Any CPU.ActiveCfg = Release|Any CPU
		{0B18D35F-1228-45ED-AEF1-00761CA6FA08}.Release|Any CPU.Build.0 = Release|Any CPU
	EndGlobalSection
	GlobalSection(SolutionProperties) = preSolution
		HideSolutionNode = FALSE
	EndGlobalSection
	GlobalSection(ExtensibilityGlobals) = postSolution
		SolutionGuid = {D1DEA30E-1376-4066-B6D0-39154DEDFAF7}
	EndGlobalSection
EndGlobal
